
Microsoft Visual Studio Solution File, Format Version 12.00
# Visual Studio Version 17
VisualStudioVersion = 17.0.31903.59
MinimumVisualStudioVersion = 10.0.40219.1
Project("{FAE04EC0-301F-11D3-BF4B-00C04F79EFBC}") = "DomeGym.Domain", "DomeGym.Domain\DomeGym.Domain.csproj", "{B442D395-5BF0-4694-81CD-77814CB1B2E2}"
EndProject
Project("{FAE04EC0-301F-11D3-BF4B-00C04F79EFBC}") = "DomeGym.Application", "DomeGym.Application\DomeGym.Application.csproj", "{0EA4BB89-3CBE-442A-9373-251ECB22B8CD}"
EndProject
Project("{FAE04EC0-301F-11D3-BF4B-00C04F79EFBC}") = "DomeGym.Domain.UnitTests", "DomeGym.Domain.UnitTests\DomeGym.Domain.UnitTests.csproj", "{396A84E6-484C-4A57-95B8-0CB9204FD7C6}"
EndProject
Global
	GlobalSection(SolutionConfigurationPlatforms) = preSolution
		Debug|Any CPU = Debug|Any CPU
		Release|Any CPU = Release|Any CPU
	EndGlobalSection
	GlobalSection(SolutionProperties) = preSolution
		HideSolutionNode = FALSE
	EndGlobalSection
	GlobalSection(ProjectConfigurationPlatforms) = postSolution
		{B442D395-5BF0-4694-81CD-77814CB1B2E2}.Debug|Any CPU.ActiveCfg = Debug|Any CPU
		{B442D395-5BF0-4694-81CD-77814CB1B2E2}.Debug|Any CPU.Build.0 = Debug|Any CPU
		{B442D395-5BF0-4694-81CD-77814CB1B2E2}.Release|Any CPU.ActiveCfg = Release|Any CPU
		{B442D395-5BF0-4694-81CD-77814CB1B2E2}.Release|Any CPU.Build.0 = Release|Any CPU
		{4BCF34A0-BB46-4501-B415-AC91DC2896BE}.Debug|Any CPU.ActiveCfg = Debug|Any CPU
		{4BCF34A0-BB46-4501-B415-AC91DC2896BE}.Debug|Any CPU.Build.0 = Debug|Any CPU
		{4BCF34A0-BB46-4501-B415-AC91DC2896BE}.Release|Any CPU.ActiveCfg = Release|Any CPU
		{4BCF34A0-BB46-4501-B415-AC91DC2896BE}.Release|Any CPU.Build.0 = Release|Any CPU
		{0EA4BB89-3CBE-442A-9373-251ECB22B8CD}.Debug|Any CPU.ActiveCfg = Debug|Any CPU
		{0EA4BB89-3CBE-442A-9373-251ECB22B8CD}.Debug|Any CPU.Build.0 = Debug|Any CPU
		{0EA4BB89-3CBE-442A-9373-251ECB22B8CD}.Release|Any CPU.ActiveCfg = Release|Any CPU
		{0EA4BB89-3CBE-442A-9373-251ECB22B8CD}.Release|Any CPU.Build.0 = Release|Any CPU
		{396A84E6-484C-4A57-95B8-0CB9204FD7C6}.Debug|Any CPU.ActiveCfg = Debug|Any CPU
		{396A84E6-484C-4A57-95B8-0CB9204FD7C6}.Debug|Any CPU.Build.0 = Debug|Any CPU
		{396A84E6-484C-4A57-95B8-0CB9204FD7C6}.Release|Any CPU.ActiveCfg = Release|Any CPU
		{396A84E6-484C-4A57-95B8-0CB9204FD7C6}.Release|Any CPU.Build.0 = Release|Any CPU
	EndGlobalSection
EndGlobal
